
Microsoft Visual Studio Solution File, Format Version 12.00
# Visual Studio Version 17
VisualStudioVersion = 17.5.33530.505
MinimumVisualStudioVersion = 10.0.40219.1
Project("{FAE04EC0-301F-11D3-BF4B-00C04F79EFBC}") = "Composition", "Composition\Composition.csproj", "{ACBD7A58-1AA2-4A28-BF6F-167CF7D8B4A6}"
EndProject
Global
	GlobalSection(SolutionConfigurationPlatforms) = preSolution
		Debug|Any CPU = Debug|Any CPU
		Release|Any CPU = Release|Any CPU
	EndGlobalSection
	GlobalSection(ProjectConfigurationPlatforms) = postSolution
		{ACBD7A58-1AA2-4A28-BF6F-167CF7D8B4A6}.Debug|Any CPU.ActiveCfg = Debug|Any CPU
		{ACBD7A58-1AA2-4A28-BF6F-167CF7D8B4A6}.Debug|Any CPU.Build.0 = Debug|Any CPU
		{ACBD7A58-1AA2-4A28-BF6F-167CF7D8B4A6}.Release|Any CPU.ActiveCfg = Release|Any CPU
		{ACBD7A58-1AA2-4A28-BF6F-167CF7D8B4A6}.Release|Any CPU.Build.0 = Release|Any CPU
	EndGlobalSection
	GlobalSection(SolutionProperties) = preSolution
		HideSolutionNode = FALSE
	EndGlobalSection
	GlobalSection(ExtensibilityGlobals) = postSolution
		SolutionGuid = {ED87665A-02CA-45B0-BE3F-61DD9694F97D}
	EndGlobalSection
EndGlobal
